{
  "name": "extracting-music-cover",
  "version": "1.0.0",
  "lockfileVersion": 2,
  "requires": true,
  "packages": {
    "": {
      "name": "extracting-music-cover",
      "version": "1.0.0",
      "license": "ISC",
      "dependencies": {
        "bootstrap-icons": "^1.10.3",
        "node-snackbar": "^0.1.16"
      }
    },
    "node_modules/bootstrap-icons": {
      "version": "1.10.3",
      "resolved": "https://registry.npmjs.org/bootstrap-icons/-/bootstrap-icons-1.10.3.tgz",
      "integrity": "sha512-7Qvj0j0idEm/DdX9Q0CpxAnJYqBCFCiUI6qzSPYfERMcokVuV9Mdm/AJiVZI8+Gawe4h/l6zFcOzvV7oXCZArw=="
    },
    "node_modules/node-snackbar": {
      "version": "0.1.16",
      "resolved": "https://registry.npmjs.org/node-snackbar/-/node-snackbar-0.1.16.tgz",
      "integrity": "sha512-3s43QMKgABXdnqUfpKAXG+WlvS8bbuO6n6LAOmmLNZs87CGdpexqfGYCktFVi9NHFgREwNJARgeVTLOFAf2MQg=="
    }
  },
  "dependencies": {
    "bootstrap-icons": {
      "version": "1.10.3",
      "resolved": "https://registry.npmjs.org/bootstrap-icons/-/bootstrap-icons-1.10.3.tgz",
      "integrity": "sha512-7Qvj0j0idEm/DdX9Q0CpxAnJYqBCFCiUI6qzSPYfERMcokVuV9Mdm/AJiVZI8+Gawe4h/l6zFcOzvV7oXCZArw=="
    },
    "node-snackbar": {
      "version": "0.1.16",
      "resolved": "https://registry.npmjs.org/node-snackbar/-/node-snackbar-0.1.16.tgz",
      "integrity": "sha512-3s43QMKgABXdnqUfpKAXG+WlvS8bbuO6n6LAOmmLNZs87CGdpexqfGYCktFVi9NHFgREwNJARgeVTLOFAf2MQg=="
    }
  }
}
